
Microsoft Visual Studio Solution File, Format Version 12.00
# Visual Studio Version 16
VisualStudioVersion = 16.0.29318.209
MinimumVisualStudioVersion = 10.0.40219.1
Project("{FAE04EC0-301F-11D3-BF4B-00C04F79EFBC}") = "ToDoApp_UmitSadeguzel", "ToDoApp_UmitSadeguzel\ToDoApp_UmitSadeguzel.csproj", "{66CB6502-8A96-4FCF-806A-4EA66E55EA0E}"
EndProject
Global
	GlobalSection(SolutionConfigurationPlatforms) = preSolution
		Debug|Any CPU = Debug|Any CPU
		Release|Any CPU = Release|Any CPU
	EndGlobalSection
	GlobalSection(ProjectConfigurationPlatforms) = postSolution
		{66CB6502-8A96-4FCF-806A-4EA66E55EA0E}.Debug|Any CPU.ActiveCfg = Debug|Any CPU
		{66CB6502-8A96-4FCF-806A-4EA66E55EA0E}.Debug|Any CPU.Build.0 = Debug|Any CPU
		{66CB6502-8A96-4FCF-806A-4EA66E55EA0E}.Release|Any CPU.ActiveCfg = Release|Any CPU
		{66CB6502-8A96-4FCF-806A-4EA66E55EA0E}.Release|Any CPU.Build.0 = Release|Any CPU
	EndGlobalSection
	GlobalSection(SolutionProperties) = preSolution
		HideSolutionNode = FALSE
	EndGlobalSection
	GlobalSection(ExtensibilityGlobals) = postSolution
		SolutionGuid = {52EFD3A8-BF5A-4CFF-BFE7-A77EE158091E}
	EndGlobalSection
EndGlobal
